// !$*UTF8*$!
{
	archiveVersion = 1;
	classes = {
	};
	objectVersion = 48;
	objects = {

/* Begin PBXBuildFile section */
		3855F3F220EACC6900BA6769 /* Parse+IGListKit.swift in Sources */ = {isa = PBXBuildFile; fileRef = 3855F3F020EACC6800BA6769 /* Parse+IGListKit.swift */; };
		3855F3F320EACC6900BA6769 /* PFFile+Kingfisher.swift in Sources */ = {isa = PBXBuildFile; fileRef = 3855F3F120EACC6900BA6769 /* PFFile+Kingfisher.swift */; };
		386FE91F20F80969001B2238 /* RedeemViewController.swift in Sources */ = {isa = PBXBuildFile; fileRef = 386FE91E20F80968001B2238 /* RedeemViewController.swift */; };
		56F90503FC319538D536387A /* Pods_RewardBusinessTests.framework in Frameworks */ = {isa = PBXBuildFile; fileRef = 1D4BB35A868F91E64F4437F2 /* Pods_RewardBusinessTests.framework */; };
		A8BD77D499E2210E95A5E940 /* Pods_RewardBusiness.framework in Frameworks */ = {isa = PBXBuildFile; fileRef = 99645BB038B5BD2083A82785 /* Pods_RewardBusiness.framework */; };
		FA1B066B20EEFE5700E85580 /* InventoryTableViewCell.swift in Sources */ = {isa = PBXBuildFile; fileRef = FA1B066920EEFE5700E85580 /* InventoryTableViewCell.swift */; };
		FA1B067420F07ABB00E85580 /* InventoryPaymentViewController.swift in Sources */ = {isa = PBXBuildFile; fileRef = FA1B067320F07ABB00E85580 /* InventoryPaymentViewController.swift */; };
		FA1B067B20FE6D7100E85580 /* NotificationViewController.swift in Sources */ = {isa = PBXBuildFile; fileRef = FA1B067A20FE6D7100E85580 /* NotificationViewController.swift */; };
		FA2AC93320C07E9900D05A75 /* Transaction.swift in Sources */ = {isa = PBXBuildFile; fileRef = FA2AC93220C07E9900D05A75 /* Transaction.swift */; };
		FA2AC93620C07ED900D05A75 /* API.swift in Sources */ = {isa = PBXBuildFile; fileRef = FA2AC93520C07ED900D05A75 /* API.swift */; };
		FA2AC93820C07F1000D05A75 /* Business.swift in Sources */ = {isa = PBXBuildFile; fileRef = FA2AC93720C07F1000D05A75 /* Business.swift */; };
		FA2AC93A20C0804700D05A75 /* User.swift in Sources */ = {isa = PBXBuildFile; fileRef = FA2AC93920C0804700D05A75 /* User.swift */; };
		FA2AC93C20C080C700D05A75 /* DigitalCard.swift in Sources */ = {isa = PBXBuildFile; fileRef = FA2AC93B20C080C700D05A75 /* DigitalCard.swift */; };
		FA2AC93E20C081AC00D05A75 /* PushNotication.swift in Sources */ = {isa = PBXBuildFile; fileRef = FA2AC93D20C081AC00D05A75 /* PushNotication.swift */; };
		FA2AC94520C0A30900D05A75 /* NumPad+UIView.swift in Sources */ = {isa = PBXBuildFile; fileRef = FA2AC94420C0A30900D05A75 /* NumPad+UIView.swift */; };
		FA2AC94E20C4C28100D05A75 /* ConfigureNumPad.swift in Sources */ = {isa = PBXBuildFile; fileRef = FA2AC94D20C4C28100D05A75 /* ConfigureNumPad.swift */; };
		FA2AC95020C5CB1A00D05A75 /* InventoryItemViewController.swift in Sources */ = {isa = PBXBuildFile; fileRef = FA2AC94F20C5CB1A00D05A75 /* InventoryItemViewController.swift */; };
		FA2AC95220C5D2C000D05A75 /* ConfigureItemPad.swift in Sources */ = {isa = PBXBuildFile; fileRef = FA2AC95120C5D2C000D05A75 /* ConfigureItemPad.swift */; };
		FA2AC96320D2412A00D05A75 /* DynamicHeightCell.swift in Sources */ = {isa = PBXBuildFile; fileRef = FA2AC95820D2412900D05A75 /* DynamicHeightCell.swift */; };
		FA2AC96420D2412A00D05A75 /* ProfileLabelCell.swift in Sources */ = {isa = PBXBuildFile; fileRef = FA2AC95920D2412900D05A75 /* ProfileLabelCell.swift */; };
		FA2AC96520D2412A00D05A75 /* ProfileImageCell.swift in Sources */ = {isa = PBXBuildFile; fileRef = FA2AC95A20D2412900D05A75 /* ProfileImageCell.swift */; };
		FA2AC96620D2412A00D05A75 /* DynamicHeightCell.xib in Resources */ = {isa = PBXBuildFile; fileRef = FA2AC95B20D2412900D05A75 /* DynamicHeightCell.xib */; };
		FA2AC96720D2412A00D05A75 /* PhoneFieldCell.xib in Resources */ = {isa = PBXBuildFile; fileRef = FA2AC95C20D2412900D05A75 /* PhoneFieldCell.xib */; };
		FA2AC96820D2412A00D05A75 /* ProfileFieldCell.swift in Sources */ = {isa = PBXBuildFile; fileRef = FA2AC95D20D2412900D05A75 /* ProfileFieldCell.swift */; };
		FA2AC96920D2412A00D05A75 /* PhoneFieldCell.swift in Sources */ = {isa = PBXBuildFile; fileRef = FA2AC95E20D2412900D05A75 /* PhoneFieldCell.swift */; };
		FA2AC96A20D2412A00D05A75 /* ProfileLabelCell.xib in Resources */ = {isa = PBXBuildFile; fileRef = FA2AC95F20D2412A00D05A75 /* ProfileLabelCell.xib */; };
		FA2AC96B20D2412A00D05A75 /* FormerInputAccessoryView.swift in Sources */ = {isa = PBXBuildFile; fileRef = FA2AC96020D2412A00D05A75 /* FormerInputAccessoryView.swift */; };
		FA2AC96C20D2412A00D05A75 /* ProfileImageCell.xib in Resources */ = {isa = PBXBuildFile; fileRef = FA2AC96120D2412A00D05A75 /* ProfileImageCell.xib */; };
		FA2AC96D20D2412A00D05A75 /* ProfileFieldCell.xib in Resources */ = {isa = PBXBuildFile; fileRef = FA2AC96220D2412A00D05A75 /* ProfileFieldCell.xib */; };
		FA82EBE220EED8A4008CAFE2 /* AddInventoryViewController.swift in Sources */ = {isa = PBXBuildFile; fileRef = FA82EBE120EED8A4008CAFE2 /* AddInventoryViewController.swift */; };
		FA8A3F40210A841900BF6815 /* AddCouponViewController.swift in Sources */ = {isa = PBXBuildFile; fileRef = FA8A3F3F210A841900BF6815 /* AddCouponViewController.swift */; };
		FA903D3320B92B7B0081A8A2 /* AppDelegate.swift in Sources */ = {isa = PBXBuildFile; fileRef = FA903D3220B92B7B0081A8A2 /* AppDelegate.swift */; };
		FA903D3520B92B7B0081A8A2 /* ViewController.swift in Sources */ = {isa = PBXBuildFile; fileRef = FA903D3420B92B7B0081A8A2 /* ViewController.swift */; };
		FA903D3820B92B7B0081A8A2 /* Main.storyboard in Resources */ = {isa = PBXBuildFile; fileRef = FA903D3620B92B7B0081A8A2 /* Main.storyboard */; };
		FA903D3A20B92B7B0081A8A2 /* Assets.xcassets in Resources */ = {isa = PBXBuildFile; fileRef = FA903D3920B92B7B0081A8A2 /* Assets.xcassets */; };
		FA903D3D20B92B7B0081A8A2 /* LaunchScreen.storyboard in Resources */ = {isa = PBXBuildFile; fileRef = FA903D3B20B92B7B0081A8A2 /* LaunchScreen.storyboard */; };
		FA903D4820B92B7B0081A8A2 /* RewardBusinessTests.swift in Sources */ = {isa = PBXBuildFile; fileRef = FA903D4720B92B7B0081A8A2 /* RewardBusinessTests.swift */; };
		FA903D5320B92B7B0081A8A2 /* RewardBusinessUITests.swift in Sources */ = {isa = PBXBuildFile; fileRef = FA903D5220B92B7B0081A8A2 /* RewardBusinessUITests.swift */; };
		FA903D6120B92DF40081A8A2 /* README.md in Resources */ = {isa = PBXBuildFile; fileRef = FA903D6020B92DF40081A8A2 /* README.md */; };
		FA903D6620B92FC60081A8A2 /* Constants.swift in Sources */ = {isa = PBXBuildFile; fileRef = FA903D6520B92FC60081A8A2 /* Constants.swift */; };
		FA903D6820B931240081A8A2 /* RWViewController.swift in Sources */ = {isa = PBXBuildFile; fileRef = FA903D6720B931240081A8A2 /* RWViewController.swift */; };
		FA903D6C20BA09150081A8A2 /* QRScanViewController.swift in Sources */ = {isa = PBXBuildFile; fileRef = FA903D6B20BA09150081A8A2 /* QRScanViewController.swift */; };
		FA903D6F20BA0DD10081A8A2 /* RWNavigationController.swift in Sources */ = {isa = PBXBuildFile; fileRef = FA903D6E20BA0DCF0081A8A2 /* RWNavigationController.swift */; };
		FA903D7420BA0F680081A8A2 /* UIColor+Extension.swift in Sources */ = {isa = PBXBuildFile; fileRef = FA903D7320BA0F680081A8A2 /* UIColor+Extension.swift */; };
		FA903D7620BA2EB40081A8A2 /* NumPadViewController.swift in Sources */ = {isa = PBXBuildFile; fileRef = FA903D7520BA2EB40081A8A2 /* NumPadViewController.swift */; };
		FA903D7820BA2FC20081A8A2 /* BusinessSettingViewController.swift in Sources */ = {isa = PBXBuildFile; fileRef = FA903D7720BA2FC20081A8A2 /* BusinessSettingViewController.swift */; };
		FA9BC01B20DB301100C46400 /* Stylesheet.swift in Sources */ = {isa = PBXBuildFile; fileRef = FA9BC01A20DB301100C46400 /* Stylesheet.swift */; };
		FA9BC01D20DB319700C46400 /* UIView+Style.swift in Sources */ = {isa = PBXBuildFile; fileRef = FA9BC01C20DB319700C46400 /* UIView+Style.swift */; };
		FACB660820DB38EE00DF8D5C /* NSAttributedString+Extensions.swift in Sources */ = {isa = PBXBuildFile; fileRef = FACB660720DB38EE00DF8D5C /* NSAttributedString+Extensions.swift */; };
		FACB660B20DB39AF00DF8D5C /* UIAnimatedTextField.swift in Sources */ = {isa = PBXBuildFile; fileRef = FACB660A20DB39AF00DF8D5C /* UIAnimatedTextField.swift */; };
		FACB660D20DB39D200DF8D5C /* UIAnimatedPhoneNumberTextField.swift in Sources */ = {isa = PBXBuildFile; fileRef = FACB660C20DB39D200DF8D5C /* UIAnimatedPhoneNumberTextField.swift */; };
		FACB660F20DC0E5C00DF8D5C /* LoginViewController.swift in Sources */ = {isa = PBXBuildFile; fileRef = FACB660E20DC0E5C00DF8D5C /* LoginViewController.swift */; };
		FACB661320DC121900DF8D5C /* UIView+AutoLayout.swift in Sources */ = {isa = PBXBuildFile; fileRef = FACB661220DC121900DF8D5C /* UIView+AutoLayout.swift */; };
		FACB661520DC13CF00DF8D5C /* UIButton+Extension.swift in Sources */ = {isa = PBXBuildFile; fileRef = FACB661420DC13CF00DF8D5C /* UIButton+Extension.swift */; };
		FACB661720DC1A4000DF8D5C /* AppRouter.swift in Sources */ = {isa = PBXBuildFile; fileRef = FACB661620DC1A4000DF8D5C /* AppRouter.swift */; };
		FACB661920DC1E7000DF8D5C /* Enum+Extensions.swift in Sources */ = {isa = PBXBuildFile; fileRef = FACB661820DC1E7000DF8D5C /* Enum+Extensions.swift */; };
		FACB661B20DC1FC900DF8D5C /* NavigationControllers.swift in Sources */ = {isa = PBXBuildFile; fileRef = FACB661A20DC1FC900DF8D5C /* NavigationControllers.swift */; };
		FACB661D20DC208200DF8D5C /* MainContainerController.swift in Sources */ = {isa = PBXBuildFile; fileRef = FACB661C20DC208200DF8D5C /* MainContainerController.swift */; };
		FACB661F20DC213B00DF8D5C /* UIApplication+Extensions.swift in Sources */ = {isa = PBXBuildFile; fileRef = FACB661E20DC213B00DF8D5C /* UIApplication+Extensions.swift */; };
		FACB662120DC218600DF8D5C /* UIWindow+Extensions.swift in Sources */ = {isa = PBXBuildFile; fileRef = FACB662020DC218600DF8D5C /* UIWindow+Extensions.swift */; };
		FACB662320DC245E00DF8D5C /* RippleButton.swift in Sources */ = {isa = PBXBuildFile; fileRef = FACB662220DC245E00DF8D5C /* RippleButton.swift */; };
		FACB662520E2EFD000DF8D5C /* SignUpViewController.swift in Sources */ = {isa = PBXBuildFile; fileRef = FACB662420E2EFD000DF8D5C /* SignUpViewController.swift */; };
		FACB662720E2F35500DF8D5C /* String+Extensions.swift in Sources */ = {isa = PBXBuildFile; fileRef = FACB662620E2F35500DF8D5C /* String+Extensions.swift */; };
		FACB662B20E301E700DF8D5C /* HomeViewController.swift in Sources */ = {isa = PBXBuildFile; fileRef = FACB662A20E301E700DF8D5C /* HomeViewController.swift */; };
		FACB662E20E4943600DF8D5C /* InventoryCollectionViewController.swift in Sources */ = {isa = PBXBuildFile; fileRef = FACB662D20E4943600DF8D5C /* InventoryCollectionViewController.swift */; };
		FACB663020E49E1200DF8D5C /* Inventory.swift in Sources */ = {isa = PBXBuildFile; fileRef = FACB662F20E49E1200DF8D5C /* Inventory.swift */; };
		FACB663C20E4B10C00DF8D5C /* InventoryCell.swift in Sources */ = {isa = PBXBuildFile; fileRef = FACB663A20E4B10C00DF8D5C /* InventoryCell.swift */; };
		FACB663D20E4B10C00DF8D5C /* InventoryCell.xib in Resources */ = {isa = PBXBuildFile; fileRef = FACB663B20E4B10C00DF8D5C /* InventoryCell.xib */; };
		FACB663F20E80D5500DF8D5C /* WelcomViewController.swift in Sources */ = {isa = PBXBuildFile; fileRef = FACB663E20E80D5400DF8D5C /* WelcomViewController.swift */; };
		FACB664220E80EC100DF8D5C /* SplashScreenView.swift in Sources */ = {isa = PBXBuildFile; fileRef = FACB664120E80EC100DF8D5C /* SplashScreenView.swift */; };
		FACB664420E80ED700DF8D5C /* GradientView.swift in Sources */ = {isa = PBXBuildFile; fileRef = FACB664320E80ED700DF8D5C /* GradientView.swift */; };
		FACB664820E98D6500DF8D5C /* RewardModel.swift in Sources */ = {isa = PBXBuildFile; fileRef = FACB664720E98D6500DF8D5C /* RewardModel.swift */; };
		FACB664A20E98D9400DF8D5C /* Coupon.swift in Sources */ = {isa = PBXBuildFile; fileRef = FACB664920E98D9400DF8D5C /* Coupon.swift */; };
		FACB664C20E98DE000DF8D5C /* Number+Extensions.swift in Sources */ = {isa = PBXBuildFile; fileRef = FACB664B20E98DE000DF8D5C /* Number+Extensions.swift */; };
		FACB664F20E98FF100DF8D5C /* EditProfileViewController.swift in Sources */ = {isa = PBXBuildFile; fileRef = FACB664E20E98FF100DF8D5C /* EditProfileViewController.swift */; };
		FACB665120E990CC00DF8D5C /* ImagePickerController.swift in Sources */ = {isa = PBXBuildFile; fileRef = FACB665020E990CC00DF8D5C /* ImagePickerController.swift */; };
		FACB665320E9911500DF8D5C /* UIAlertController+Extensions.swift in Sources */ = {isa = PBXBuildFile; fileRef = FACB665220E9911500DF8D5C /* UIAlertController+Extensions.swift */; };
		FACB665520E9926700DF8D5C /* ListViewController.swift in Sources */ = {isa = PBXBuildFile; fileRef = FACB665420E9926700DF8D5C /* ListViewController.swift */; };
		FACB665920E9BE1D00DF8D5C /* AccountCellViewModel.swift in Sources */ = {isa = PBXBuildFile; fileRef = FACB665820E9BE1D00DF8D5C /* AccountCellViewModel.swift */; };
		FACB665B20E9BE3B00DF8D5C /* AccountSectionController.swift in Sources */ = {isa = PBXBuildFile; fileRef = FACB665A20E9BE3B00DF8D5C /* AccountSectionController.swift */; };
		FACB665D20E9BF0700DF8D5C /* AccountCell.swift in Sources */ = {isa = PBXBuildFile; fileRef = FACB665C20E9BF0700DF8D5C /* AccountCell.swift */; };
		FACB665F20E9BF2200DF8D5C /* AccountHeaderViewCell.swift in Sources */ = {isa = PBXBuildFile; fileRef = FACB665E20E9BF2200DF8D5C /* AccountHeaderViewCell.swift */; };
		FACB666120E9BF7B00DF8D5C /* RWCollectionViewCell.swift in Sources */ = {isa = PBXBuildFile; fileRef = FACB666020E9BF7B00DF8D5C /* RWCollectionViewCell.swift */; };
		FACB666320E9BFB200DF8D5C /* RWCollectionReusableView.swift in Sources */ = {isa = PBXBuildFile; fileRef = FACB666220E9BFB200DF8D5C /* RWCollectionReusableView.swift */; };
/* End PBXBuildFile section */

/* Begin PBXContainerItemProxy section */
		FA903D4420B92B7B0081A8A2 /* PBXContainerItemProxy */ = {
			isa = PBXContainerItemProxy;
			containerPortal = FA903D2720B92B7B0081A8A2 /* Project object */;
			proxyType = 1;
			remoteGlobalIDString = FA903D2E20B92B7B0081A8A2;
			remoteInfo = RewardBusiness;
		};
		FA903D4F20B92B7B0081A8A2 /* PBXContainerItemProxy */ = {
			isa = PBXContainerItemProxy;
			containerPortal = FA903D2720B92B7B0081A8A2 /* Project object */;
			proxyType = 1;
			remoteGlobalIDString = FA903D2E20B92B7B0081A8A2;
			remoteInfo = RewardBusiness;
		};
/* End PBXContainerItemProxy section */

/* Begin PBXFileReference section */
		1D4BB35A868F91E64F4437F2 /* Pods_RewardBusinessTests.framework */ = {isa = PBXFileReference; explicitFileType = wrapper.framework; includeInIndex = 0; path = Pods_RewardBusinessTests.framework; sourceTree = BUILT_PRODUCTS_DIR; };
		3855F3F020EACC6800BA6769 /* Parse+IGListKit.swift */ = {isa = PBXFileReference; fileEncoding = 4; lastKnownFileType = sourcecode.swift; path = "Parse+IGListKit.swift"; sourceTree = "<group>"; };
		3855F3F120EACC6900BA6769 /* PFFile+Kingfisher.swift */ = {isa = PBXFileReference; fileEncoding = 4; lastKnownFileType = sourcecode.swift; path = "PFFile+Kingfisher.swift"; sourceTree = "<group>"; };
		386FE91E20F80968001B2238 /* RedeemViewController.swift */ = {isa = PBXFileReference; fileEncoding = 4; lastKnownFileType = sourcecode.swift; name = RedeemViewController.swift; path = Redeem/RedeemViewController.swift; sourceTree = "<group>"; };
		4E81872762953E855787B901 /* Pods-RewardBusinessTests.release.xcconfig */ = {isa = PBXFileReference; includeInIndex = 1; lastKnownFileType = text.xcconfig; name = "Pods-RewardBusinessTests.release.xcconfig"; path = "Pods/Target Support Files/Pods-RewardBusinessTests/Pods-RewardBusinessTests.release.xcconfig"; sourceTree = "<group>"; };
		7FD8ECEDF286247AC7F1E5B3 /* Pods-RewardBusinessTests.debug.xcconfig */ = {isa = PBXFileReference; includeInIndex = 1; lastKnownFileType = text.xcconfig; name = "Pods-RewardBusinessTests.debug.xcconfig"; path = "Pods/Target Support Files/Pods-RewardBusinessTests/Pods-RewardBusinessTests.debug.xcconfig"; sourceTree = "<group>"; };
		99645BB038B5BD2083A82785 /* Pods_RewardBusiness.framework */ = {isa = PBXFileReference; explicitFileType = wrapper.framework; includeInIndex = 0; path = Pods_RewardBusiness.framework; sourceTree = BUILT_PRODUCTS_DIR; };
		DCEE8F2FA431E7B34982AC76 /* Pods-RewardBusiness.debug.xcconfig */ = {isa = PBXFileReference; includeInIndex = 1; lastKnownFileType = text.xcconfig; name = "Pods-RewardBusiness.debug.xcconfig"; path = "Pods/Target Support Files/Pods-RewardBusiness/Pods-RewardBusiness.debug.xcconfig"; sourceTree = "<group>"; };
		E49AAA5D470182DAF2A3D628 /* Pods-RewardBusiness.release.xcconfig */ = {isa = PBXFileReference; includeInIndex = 1; lastKnownFileType = text.xcconfig; name = "Pods-RewardBusiness.release.xcconfig"; path = "Pods/Target Support Files/Pods-RewardBusiness/Pods-RewardBusiness.release.xcconfig"; sourceTree = "<group>"; };
		FA1B066920EEFE5700E85580 /* InventoryTableViewCell.swift */ = {isa = PBXFileReference; lastKnownFileType = sourcecode.swift; path = InventoryTableViewCell.swift; sourceTree = "<group>"; };
		FA1B067320F07ABB00E85580 /* InventoryPaymentViewController.swift */ = {isa = PBXFileReference; lastKnownFileType = sourcecode.swift; path = InventoryPaymentViewController.swift; sourceTree = "<group>"; };
		FA1B067520F7FB5E00E85580 /* RedeemViewController.swift */ = {isa = PBXFileReference; lastKnownFileType = sourcecode.swift; path = RedeemViewController.swift; sourceTree = "<group>"; };
		FA1B067A20FE6D7100E85580 /* NotificationViewController.swift */ = {isa = PBXFileReference; lastKnownFileType = sourcecode.swift; path = NotificationViewController.swift; sourceTree = "<group>"; };
		FA2AC93220C07E9900D05A75 /* Transaction.swift */ = {isa = PBXFileReference; lastKnownFileType = sourcecode.swift; path = Transaction.swift; sourceTree = "<group>"; };
		FA2AC93520C07ED900D05A75 /* API.swift */ = {isa = PBXFileReference; lastKnownFileType = sourcecode.swift; path = API.swift; sourceTree = "<group>"; };
		FA2AC93720C07F1000D05A75 /* Business.swift */ = {isa = PBXFileReference; lastKnownFileType = sourcecode.swift; path = Business.swift; sourceTree = "<group>"; };
		FA2AC93920C0804700D05A75 /* User.swift */ = {isa = PBXFileReference; lastKnownFileType = sourcecode.swift; path = User.swift; sourceTree = "<group>"; };
		FA2AC93B20C080C700D05A75 /* DigitalCard.swift */ = {isa = PBXFileReference; lastKnownFileType = sourcecode.swift; path = DigitalCard.swift; sourceTree = "<group>"; };
		FA2AC93D20C081AC00D05A75 /* PushNotication.swift */ = {isa = PBXFileReference; lastKnownFileType = sourcecode.swift; path = PushNotication.swift; sourceTree = "<group>"; };
		FA2AC94420C0A30900D05A75 /* NumPad+UIView.swift */ = {isa = PBXFileReference; lastKnownFileType = sourcecode.swift; path = "NumPad+UIView.swift"; sourceTree = "<group>"; };
		FA2AC94D20C4C28100D05A75 /* ConfigureNumPad.swift */ = {isa = PBXFileReference; lastKnownFileType = sourcecode.swift; path = ConfigureNumPad.swift; sourceTree = "<group>"; };
		FA2AC94F20C5CB1A00D05A75 /* InventoryItemViewController.swift */ = {isa = PBXFileReference; lastKnownFileType = sourcecode.swift; path = InventoryItemViewController.swift; sourceTree = "<group>"; };
		FA2AC95120C5D2C000D05A75 /* ConfigureItemPad.swift */ = {isa = PBXFileReference; lastKnownFileType = sourcecode.swift; path = ConfigureItemPad.swift; sourceTree = "<group>"; };
		FA2AC95820D2412900D05A75 /* DynamicHeightCell.swift */ = {isa = PBXFileReference; fileEncoding = 4; lastKnownFileType = sourcecode.swift; path = DynamicHeightCell.swift; sourceTree = "<group>"; };
		FA2AC95920D2412900D05A75 /* ProfileLabelCell.swift */ = {isa = PBXFileReference; fileEncoding = 4; lastKnownFileType = sourcecode.swift; path = ProfileLabelCell.swift; sourceTree = "<group>"; };
		FA2AC95A20D2412900D05A75 /* ProfileImageCell.swift */ = {isa = PBXFileReference; fileEncoding = 4; lastKnownFileType = sourcecode.swift; path = ProfileImageCell.swift; sourceTree = "<group>"; };
		FA2AC95B20D2412900D05A75 /* DynamicHeightCell.xib */ = {isa = PBXFileReference; fileEncoding = 4; lastKnownFileType = file.xib; path = DynamicHeightCell.xib; sourceTree = "<group>"; };
		FA2AC95C20D2412900D05A75 /* PhoneFieldCell.xib */ = {isa = PBXFileReference; fileEncoding = 4; lastKnownFileType = file.xib; path = PhoneFieldCell.xib; sourceTree = "<group>"; };
		FA2AC95D20D2412900D05A75 /* ProfileFieldCell.swift */ = {isa = PBXFileReference; fileEncoding = 4; lastKnownFileType = sourcecode.swift; path = ProfileFieldCell.swift; sourceTree = "<group>"; };
		FA2AC95E20D2412900D05A75 /* PhoneFieldCell.swift */ = {isa = PBXFileReference; fileEncoding = 4; lastKnownFileType = sourcecode.swift; path = PhoneFieldCell.swift; sourceTree = "<group>"; };
		FA2AC95F20D2412A00D05A75 /* ProfileLabelCell.xib */ = {isa = PBXFileReference; fileEncoding = 4; lastKnownFileType = file.xib; path = ProfileLabelCell.xib; sourceTree = "<group>"; };
		FA2AC96020D2412A00D05A75 /* FormerInputAccessoryView.swift */ = {isa = PBXFileReference; fileEncoding = 4; lastKnownFileType = sourcecode.swift; path = FormerInputAccessoryView.swift; sourceTree = "<group>"; };
		FA2AC96120D2412A00D05A75 /* ProfileImageCell.xib */ = {isa = PBXFileReference; fileEncoding = 4; lastKnownFileType = file.xib; path = ProfileImageCell.xib; sourceTree = "<group>"; };
		FA2AC96220D2412A00D05A75 /* ProfileFieldCell.xib */ = {isa = PBXFileReference; fileEncoding = 4; lastKnownFileType = file.xib; path = ProfileFieldCell.xib; sourceTree = "<group>"; };
		FA82EBE120EED8A4008CAFE2 /* AddInventoryViewController.swift */ = {isa = PBXFileReference; lastKnownFileType = sourcecode.swift; path = AddInventoryViewController.swift; sourceTree = "<group>"; };
		FA8A3F3F210A841900BF6815 /* AddCouponViewController.swift */ = {isa = PBXFileReference; lastKnownFileType = sourcecode.swift; path = AddCouponViewController.swift; sourceTree = "<group>"; };
		FA903D2F20B92B7B0081A8A2 /* RewardBusiness.app */ = {isa = PBXFileReference; explicitFileType = wrapper.application; includeInIndex = 0; path = RewardBusiness.app; sourceTree = BUILT_PRODUCTS_DIR; };
		FA903D3220B92B7B0081A8A2 /* AppDelegate.swift */ = {isa = PBXFileReference; lastKnownFileType = sourcecode.swift; path = AppDelegate.swift; sourceTree = "<group>"; };
		FA903D3420B92B7B0081A8A2 /* ViewController.swift */ = {isa = PBXFileReference; lastKnownFileType = sourcecode.swift; path = ViewController.swift; sourceTree = "<group>"; };
		FA903D3720B92B7B0081A8A2 /* Base */ = {isa = PBXFileReference; lastKnownFileType = file.storyboard; name = Base; path = Base.lproj/Main.storyboard; sourceTree = "<group>"; };
		FA903D3920B92B7B0081A8A2 /* Assets.xcassets */ = {isa = PBXFileReference; lastKnownFileType = folder.assetcatalog; path = Assets.xcassets; sourceTree = "<group>"; };
		FA903D3C20B92B7B0081A8A2 /* Base */ = {isa = PBXFileReference; lastKnownFileType = file.storyboard; name = Base; path = Base.lproj/LaunchScreen.storyboard; sourceTree = "<group>"; };
		FA903D3E20B92B7B0081A8A2 /* Info.plist */ = {isa = PBXFileReference; lastKnownFileType = text.plist.xml; path = Info.plist; sourceTree = "<group>"; };
		FA903D4320B92B7B0081A8A2 /* RewardBusinessTests.xctest */ = {isa = PBXFileReference; explicitFileType = wrapper.cfbundle; includeInIndex = 0; path = RewardBusinessTests.xctest; sourceTree = BUILT_PRODUCTS_DIR; };
		FA903D4720B92B7B0081A8A2 /* RewardBusinessTests.swift */ = {isa = PBXFileReference; lastKnownFileType = sourcecode.swift; path = RewardBusinessTests.swift; sourceTree = "<group>"; };
		FA903D4920B92B7B0081A8A2 /* Info.plist */ = {isa = PBXFileReference; lastKnownFileType = text.plist.xml; path = Info.plist; sourceTree = "<group>"; };
		FA903D4E20B92B7B0081A8A2 /* RewardBusinessUITests.xctest */ = {isa = PBXFileReference; explicitFileType = wrapper.cfbundle; includeInIndex = 0; path = RewardBusinessUITests.xctest; sourceTree = BUILT_PRODUCTS_DIR; };
		FA903D5220B92B7B0081A8A2 /* RewardBusinessUITests.swift */ = {isa = PBXFileReference; lastKnownFileType = sourcecode.swift; path = RewardBusinessUITests.swift; sourceTree = "<group>"; };
		FA903D5420B92B7B0081A8A2 /* Info.plist */ = {isa = PBXFileReference; lastKnownFileType = text.plist.xml; path = Info.plist; sourceTree = "<group>"; };
		FA903D6020B92DF40081A8A2 /* README.md */ = {isa = PBXFileReference; fileEncoding = 4; lastKnownFileType = net.daringfireball.markdown; path = README.md; sourceTree = "<group>"; };
		FA903D6520B92FC60081A8A2 /* Constants.swift */ = {isa = PBXFileReference; lastKnownFileType = sourcecode.swift; path = Constants.swift; sourceTree = "<group>"; };
		FA903D6720B931240081A8A2 /* RWViewController.swift */ = {isa = PBXFileReference; lastKnownFileType = sourcecode.swift; path = RWViewController.swift; sourceTree = "<group>"; };
		FA903D6B20BA09150081A8A2 /* QRScanViewController.swift */ = {isa = PBXFileReference; lastKnownFileType = sourcecode.swift; path = QRScanViewController.swift; sourceTree = "<group>"; };
		FA903D6E20BA0DCF0081A8A2 /* RWNavigationController.swift */ = {isa = PBXFileReference; lastKnownFileType = sourcecode.swift; path = RWNavigationController.swift; sourceTree = "<group>"; };
		FA903D7320BA0F680081A8A2 /* UIColor+Extension.swift */ = {isa = PBXFileReference; lastKnownFileType = sourcecode.swift; path = "UIColor+Extension.swift"; sourceTree = "<group>"; };
		FA903D7520BA2EB40081A8A2 /* NumPadViewController.swift */ = {isa = PBXFileReference; lastKnownFileType = sourcecode.swift; path = NumPadViewController.swift; sourceTree = "<group>"; };
		FA903D7720BA2FC20081A8A2 /* BusinessSettingViewController.swift */ = {isa = PBXFileReference; lastKnownFileType = sourcecode.swift; path = BusinessSettingViewController.swift; sourceTree = "<group>"; };
		FA9BC01A20DB301100C46400 /* Stylesheet.swift */ = {isa = PBXFileReference; lastKnownFileType = sourcecode.swift; path = Stylesheet.swift; sourceTree = "<group>"; };
		FA9BC01C20DB319700C46400 /* UIView+Style.swift */ = {isa = PBXFileReference; lastKnownFileType = sourcecode.swift; path = "UIView+Style.swift"; sourceTree = "<group>"; };
		FACB660720DB38EE00DF8D5C /* NSAttributedString+Extensions.swift */ = {isa = PBXFileReference; lastKnownFileType = sourcecode.swift; path = "NSAttributedString+Extensions.swift"; sourceTree = "<group>"; };
		FACB660A20DB39AF00DF8D5C /* UIAnimatedTextField.swift */ = {isa = PBXFileReference; lastKnownFileType = sourcecode.swift; path = UIAnimatedTextField.swift; sourceTree = "<group>"; };
		FACB660C20DB39D200DF8D5C /* UIAnimatedPhoneNumberTextField.swift */ = {isa = PBXFileReference; lastKnownFileType = sourcecode.swift; path = UIAnimatedPhoneNumberTextField.swift; sourceTree = "<group>"; };
		FACB660E20DC0E5C00DF8D5C /* LoginViewController.swift */ = {isa = PBXFileReference; lastKnownFileType = sourcecode.swift; path = LoginViewController.swift; sourceTree = "<group>"; };
		FACB661220DC121900DF8D5C /* UIView+AutoLayout.swift */ = {isa = PBXFileReference; lastKnownFileType = sourcecode.swift; path = "UIView+AutoLayout.swift"; sourceTree = "<group>"; };
		FACB661420DC13CF00DF8D5C /* UIButton+Extension.swift */ = {isa = PBXFileReference; lastKnownFileType = sourcecode.swift; path = "UIButton+Extension.swift"; sourceTree = "<group>"; };
		FACB661620DC1A4000DF8D5C /* AppRouter.swift */ = {isa = PBXFileReference; lastKnownFileType = sourcecode.swift; path = AppRouter.swift; sourceTree = "<group>"; };
		FACB661820DC1E7000DF8D5C /* Enum+Extensions.swift */ = {isa = PBXFileReference; lastKnownFileType = sourcecode.swift; path = "Enum+Extensions.swift"; sourceTree = "<group>"; };
		FACB661A20DC1FC900DF8D5C /* NavigationControllers.swift */ = {isa = PBXFileReference; lastKnownFileType = sourcecode.swift; path = NavigationControllers.swift; sourceTree = "<group>"; };
		FACB661C20DC208200DF8D5C /* MainContainerController.swift */ = {isa = PBXFileReference; lastKnownFileType = sourcecode.swift; path = MainContainerController.swift; sourceTree = "<group>"; };
		FACB661E20DC213B00DF8D5C /* UIApplication+Extensions.swift */ = {isa = PBXFileReference; lastKnownFileType = sourcecode.swift; path = "UIApplication+Extensions.swift"; sourceTree = "<group>"; };
		FACB662020DC218600DF8D5C /* UIWindow+Extensions.swift */ = {isa = PBXFileReference; lastKnownFileType = sourcecode.swift; path = "UIWindow+Extensions.swift"; sourceTree = "<group>"; };
		FACB662220DC245E00DF8D5C /* RippleButton.swift */ = {isa = PBXFileReference; lastKnownFileType = sourcecode.swift; path = RippleButton.swift; sourceTree = "<group>"; };
		FACB662420E2EFD000DF8D5C /* SignUpViewController.swift */ = {isa = PBXFileReference; lastKnownFileType = sourcecode.swift; path = SignUpViewController.swift; sourceTree = "<group>"; };
		FACB662620E2F35500DF8D5C /* String+Extensions.swift */ = {isa = PBXFileReference; lastKnownFileType = sourcecode.swift; path = "String+Extensions.swift"; sourceTree = "<group>"; };
		FACB662A20E301E700DF8D5C /* HomeViewController.swift */ = {isa = PBXFileReference; lastKnownFileType = sourcecode.swift; path = HomeViewController.swift; sourceTree = "<group>"; };
		FACB662D20E4943600DF8D5C /* InventoryCollectionViewController.swift */ = {isa = PBXFileReference; lastKnownFileType = sourcecode.swift; path = InventoryCollectionViewController.swift; sourceTree = "<group>"; };
		FACB662F20E49E1200DF8D5C /* Inventory.swift */ = {isa = PBXFileReference; lastKnownFileType = sourcecode.swift; path = Inventory.swift; sourceTree = "<group>"; };
		FACB663A20E4B10C00DF8D5C /* InventoryCell.swift */ = {isa = PBXFileReference; lastKnownFileType = sourcecode.swift; path = InventoryCell.swift; sourceTree = "<group>"; };
		FACB663B20E4B10C00DF8D5C /* InventoryCell.xib */ = {isa = PBXFileReference; lastKnownFileType = file.xib; path = InventoryCell.xib; sourceTree = "<group>"; };
		FACB663E20E80D5400DF8D5C /* WelcomViewController.swift */ = {isa = PBXFileReference; lastKnownFileType = sourcecode.swift; path = WelcomViewController.swift; sourceTree = "<group>"; };
		FACB664120E80EC100DF8D5C /* SplashScreenView.swift */ = {isa = PBXFileReference; lastKnownFileType = sourcecode.swift; path = SplashScreenView.swift; sourceTree = "<group>"; };
		FACB664320E80ED700DF8D5C /* GradientView.swift */ = {isa = PBXFileReference; lastKnownFileType = sourcecode.swift; path = GradientView.swift; sourceTree = "<group>"; };
		FACB664720E98D6500DF8D5C /* RewardModel.swift */ = {isa = PBXFileReference; lastKnownFileType = sourcecode.swift; path = RewardModel.swift; sourceTree = "<group>"; };
		FACB664920E98D9400DF8D5C /* Coupon.swift */ = {isa = PBXFileReference; lastKnownFileType = sourcecode.swift; path = Coupon.swift; sourceTree = "<group>"; };
		FACB664B20E98DE000DF8D5C /* Number+Extensions.swift */ = {isa = PBXFileReference; lastKnownFileType = sourcecode.swift; path = "Number+Extensions.swift"; sourceTree = "<group>"; };
		FACB664E20E98FF100DF8D5C /* EditProfileViewController.swift */ = {isa = PBXFileReference; lastKnownFileType = sourcecode.swift; path = EditProfileViewController.swift; sourceTree = "<group>"; };
		FACB665020E990CC00DF8D5C /* ImagePickerController.swift */ = {isa = PBXFileReference; lastKnownFileType = sourcecode.swift; path = ImagePickerController.swift; sourceTree = "<group>"; };
		FACB665220E9911500DF8D5C /* UIAlertController+Extensions.swift */ = {isa = PBXFileReference; lastKnownFileType = sourcecode.swift; path = "UIAlertController+Extensions.swift"; sourceTree = "<group>"; };
		FACB665420E9926700DF8D5C /* ListViewController.swift */ = {isa = PBXFileReference; lastKnownFileType = sourcecode.swift; path = ListViewController.swift; sourceTree = "<group>"; };
		FACB665820E9BE1D00DF8D5C /* AccountCellViewModel.swift */ = {isa = PBXFileReference; lastKnownFileType = sourcecode.swift; path = AccountCellViewModel.swift; sourceTree = "<group>"; };
		FACB665A20E9BE3B00DF8D5C /* AccountSectionController.swift */ = {isa = PBXFileReference; lastKnownFileType = sourcecode.swift; path = AccountSectionController.swift; sourceTree = "<group>"; };
		FACB665C20E9BF0700DF8D5C /* AccountCell.swift */ = {isa = PBXFileReference; lastKnownFileType = sourcecode.swift; path = AccountCell.swift; sourceTree = "<group>"; };
		FACB665E20E9BF2200DF8D5C /* AccountHeaderViewCell.swift */ = {isa = PBXFileReference; lastKnownFileType = sourcecode.swift; path = AccountHeaderViewCell.swift; sourceTree = "<group>"; };
		FACB666020E9BF7B00DF8D5C /* RWCollectionViewCell.swift */ = {isa = PBXFileReference; lastKnownFileType = sourcecode.swift; path = RWCollectionViewCell.swift; sourceTree = "<group>"; };
		FACB666220E9BFB200DF8D5C /* RWCollectionReusableView.swift */ = {isa = PBXFileReference; lastKnownFileType = sourcecode.swift; path = RWCollectionReusableView.swift; sourceTree = "<group>"; };
/* End PBXFileReference section */

/* Begin PBXFrameworksBuildPhase section */
		FA903D2C20B92B7B0081A8A2 /* Frameworks */ = {
			isa = PBXFrameworksBuildPhase;
			buildActionMask = 2147483647;
			files = (
				A8BD77D499E2210E95A5E940 /* Pods_RewardBusiness.framework in Frameworks */,
			);
			runOnlyForDeploymentPostprocessing = 0;
		};
		FA903D4020B92B7B0081A8A2 /* Frameworks */ = {
			isa = PBXFrameworksBuildPhase;
			buildActionMask = 2147483647;
			files = (
				56F90503FC319538D536387A /* Pods_RewardBusinessTests.framework in Frameworks */,
			);
			runOnlyForDeploymentPostprocessing = 0;
		};
		FA903D4B20B92B7B0081A8A2 /* Frameworks */ = {
			isa = PBXFrameworksBuildPhase;
			buildActionMask = 2147483647;
			files = (
			);
			runOnlyForDeploymentPostprocessing = 0;
		};
/* End PBXFrameworksBuildPhase section */

/* Begin PBXGroup section */
		1077EB5DB19F6E72E0A59A6C /* Frameworks */ = {
			isa = PBXGroup;
			children = (
				99645BB038B5BD2083A82785 /* Pods_RewardBusiness.framework */,
				1D4BB35A868F91E64F4437F2 /* Pods_RewardBusinessTests.framework */,
			);
			name = Frameworks;
			sourceTree = "<group>";
		};
		386FE91C20F808E0001B2238 /* Recovered References */ = {
			isa = PBXGroup;
			children = (
				FA1B067520F7FB5E00E85580 /* RedeemViewController.swift */,
			);
			name = "Recovered References";
			sourceTree = "<group>";
		};
		EA6354CF8A8C77A72E21F6CA /* Pods */ = {
			isa = PBXGroup;
			children = (
				DCEE8F2FA431E7B34982AC76 /* Pods-RewardBusiness.debug.xcconfig */,
				E49AAA5D470182DAF2A3D628 /* Pods-RewardBusiness.release.xcconfig */,
				7FD8ECEDF286247AC7F1E5B3 /* Pods-RewardBusinessTests.debug.xcconfig */,
				4E81872762953E855787B901 /* Pods-RewardBusinessTests.release.xcconfig */,
			);
			name = Pods;
			sourceTree = "<group>";
		};
		FA1B066620EEF24100E85580 /* Payment */ = {
			isa = PBXGroup;
			children = (
				FA1B067320F07ABB00E85580 /* InventoryPaymentViewController.swift */,
			);
			path = Payment;
			sourceTree = "<group>";
		};
		FA2AC93120C07E5A00D05A75 /* Models */ = {
			isa = PBXGroup;
			children = (
				FA2AC93220C07E9900D05A75 /* Transaction.swift */,
				FA2AC93720C07F1000D05A75 /* Business.swift */,
				FA2AC93920C0804700D05A75 /* User.swift */,
				FA2AC93B20C080C700D05A75 /* DigitalCard.swift */,
				FACB662F20E49E1200DF8D5C /* Inventory.swift */,
				FACB664720E98D6500DF8D5C /* RewardModel.swift */,
				FACB664920E98D9400DF8D5C /* Coupon.swift */,
			);
			path = Models;
			sourceTree = "<group>";
		};
		FA2AC93420C07EC400D05A75 /* Networking */ = {
			isa = PBXGroup;
			children = (
				FA2AC93520C07ED900D05A75 /* API.swift */,
				FA2AC93D20C081AC00D05A75 /* PushNotication.swift */,
			);
			path = Networking;
			sourceTree = "<group>";
		};
		FA2AC93F20C0946E00D05A75 /* UILoginViewController */ = {
			isa = PBXGroup;
			children = (
				FACB663E20E80D5400DF8D5C /* WelcomViewController.swift */,
				FACB660E20DC0E5C00DF8D5C /* LoginViewController.swift */,
				FACB662420E2EFD000DF8D5C /* SignUpViewController.swift */,
			);
			path = UILoginViewController;
			sourceTree = "<group>";
		};
		FA2AC94620C0A85600D05A75 /* NumPad */ = {
			isa = PBXGroup;
			children = (
				FA2AC94D20C4C28100D05A75 /* ConfigureNumPad.swift */,
				FA2AC95120C5D2C000D05A75 /* ConfigureItemPad.swift */,
			);
			path = NumPad;
			sourceTree = "<group>";
		};
		FA2AC95720D2408F00D05A75 /* Former */ = {
			isa = PBXGroup;
			children = (
				FA2AC95820D2412900D05A75 /* DynamicHeightCell.swift */,
				FA2AC95B20D2412900D05A75 /* DynamicHeightCell.xib */,
				FA2AC96020D2412A00D05A75 /* FormerInputAccessoryView.swift */,
				FA2AC95E20D2412900D05A75 /* PhoneFieldCell.swift */,
				FA2AC95C20D2412900D05A75 /* PhoneFieldCell.xib */,
				FA2AC95D20D2412900D05A75 /* ProfileFieldCell.swift */,
				FA2AC96220D2412A00D05A75 /* ProfileFieldCell.xib */,
				FA2AC95A20D2412900D05A75 /* ProfileImageCell.swift */,
				FA2AC96120D2412A00D05A75 /* ProfileImageCell.xib */,
				FA2AC95920D2412900D05A75 /* ProfileLabelCell.swift */,
				FA2AC95F20D2412A00D05A75 /* ProfileLabelCell.xib */,
			);
			path = Former;
			sourceTree = "<group>";
		};
		FA82EBDE20EED113008CAFE2 /* Inventory */ = {
			isa = PBXGroup;
			children = (
				FA2AC94F20C5CB1A00D05A75 /* InventoryItemViewController.swift */,
				FACB662D20E4943600DF8D5C /* InventoryCollectionViewController.swift */,
				FA82EBE120EED8A4008CAFE2 /* AddInventoryViewController.swift */,
			);
			path = Inventory;
			sourceTree = "<group>";
		};
		FA8A3F3E210A83ED00BF6815 /* Add Coupon */ = {
			isa = PBXGroup;
			children = (
				FA8A3F3F210A841900BF6815 /* AddCouponViewController.swift */,
			);
			path = "Add Coupon";
			sourceTree = "<group>";
		};
		FA903D2620B92B7A0081A8A2 = {
			isa = PBXGroup;
			children = (
				FA903D6020B92DF40081A8A2 /* README.md */,
				FA903D3120B92B7B0081A8A2 /* RewardBusiness */,
				FA903D4620B92B7B0081A8A2 /* RewardBusinessTests */,
				FA903D5120B92B7B0081A8A2 /* RewardBusinessUITests */,
				FA903D3020B92B7B0081A8A2 /* Products */,
				EA6354CF8A8C77A72E21F6CA /* Pods */,
				1077EB5DB19F6E72E0A59A6C /* Frameworks */,
				386FE91C20F808E0001B2238 /* Recovered References */,
			);
			sourceTree = "<group>";
		};
		FA903D3020B92B7B0081A8A2 /* Products */ = {
			isa = PBXGroup;
			children = (
				FA903D2F20B92B7B0081A8A2 /* RewardBusiness.app */,
				FA903D4320B92B7B0081A8A2 /* RewardBusinessTests.xctest */,
				FA903D4E20B92B7B0081A8A2 /* RewardBusinessUITests.xctest */,
			);
			name = Products;
			sourceTree = "<group>";
		};
		FA903D3120B92B7B0081A8A2 /* RewardBusiness */ = {
			isa = PBXGroup;
			children = (
				FACB660920DB399700DF8D5C /* Controls */,
				FA903D3220B92B7B0081A8A2 /* AppDelegate.swift */,
				FACB661620DC1A4000DF8D5C /* AppRouter.swift */,
				FA903D3420B92B7B0081A8A2 /* ViewController.swift */,
				FA903D3620B92B7B0081A8A2 /* Main.storyboard */,
				FA2AC93420C07EC400D05A75 /* Networking */,
				FA2AC93120C07E5A00D05A75 /* Models */,
				FACB664020E80EAB00DF8D5C /* Views */,
				FA903D6420B92F940081A8A2 /* ViewControllers */,
				FA903D6320B92F8C0081A8A2 /* Styling */,
				FA903D3920B92B7B0081A8A2 /* Assets.xcassets */,
				FA903D3B20B92B7B0081A8A2 /* LaunchScreen.storyboard */,
				FA903D3E20B92B7B0081A8A2 /* Info.plist */,
				FA903D7220BA0F500081A8A2 /* Extension */,
				FA2AC95720D2408F00D05A75 /* Former */,
			);
			path = RewardBusiness;
			sourceTree = "<group>";
		};
		FA903D4620B92B7B0081A8A2 /* RewardBusinessTests */ = {
			isa = PBXGroup;
			children = (
				FA903D4720B92B7B0081A8A2 /* RewardBusinessTests.swift */,
				FA903D4920B92B7B0081A8A2 /* Info.plist */,
			);
			path = RewardBusinessTests;
			sourceTree = "<group>";
		};
		FA903D5120B92B7B0081A8A2 /* RewardBusinessUITests */ = {
			isa = PBXGroup;
			children = (
				FA903D5220B92B7B0081A8A2 /* RewardBusinessUITests.swift */,
				FA903D5420B92B7B0081A8A2 /* Info.plist */,
			);
			path = RewardBusinessUITests;
			sourceTree = "<group>";
		};
		FA903D6320B92F8C0081A8A2 /* Styling */ = {
			isa = PBXGroup;
			children = (
				FA903D6520B92FC60081A8A2 /* Constants.swift */,
				FA9BC01A20DB301100C46400 /* Stylesheet.swift */,
				FA9BC01C20DB319700C46400 /* UIView+Style.swift */,
			);
			path = Styling;
			sourceTree = "<group>";
		};
		FA903D6420B92F940081A8A2 /* ViewControllers */ = {
			isa = PBXGroup;
			children = (
				FA903D6720B931240081A8A2 /* RWViewController.swift */,
				FACB665420E9926700DF8D5C /* ListViewController.swift */,
				FACB662A20E301E700DF8D5C /* HomeViewController.swift */,
				FA903D7520BA2EB40081A8A2 /* NumPadViewController.swift */,
				FA903D6B20BA09150081A8A2 /* QRScanViewController.swift */,
				FACB661C20DC208200DF8D5C /* MainContainerController.swift */,
				386FE91E20F80968001B2238 /* RedeemViewController.swift */,
				FACB663320E4A6BE00DF8D5C /* cell */,
				FA2AC94620C0A85600D05A75 /* NumPad */,
				FA903D6D20BA0D840081A8A2 /* NavigationControllers */,
				FA1B066620EEF24100E85580 /* Payment */,
				FA82EBDE20EED113008CAFE2 /* Inventory */,
				FA8A3F3E210A83ED00BF6815 /* Add Coupon */,
				FACB664D20E98FB200DF8D5C /* Profile */,
				FA2AC93F20C0946E00D05A75 /* UILoginViewController */,
			);
			path = ViewControllers;
			sourceTree = "<group>";
		};
		FA903D6D20BA0D840081A8A2 /* NavigationControllers */ = {
			isa = PBXGroup;
			children = (
				FA903D6E20BA0DCF0081A8A2 /* RWNavigationController.swift */,
				FACB661A20DC1FC900DF8D5C /* NavigationControllers.swift */,
			);
			path = NavigationControllers;
			sourceTree = "<group>";
		};
		FA903D7220BA0F500081A8A2 /* Extension */ = {
			isa = PBXGroup;
			children = (
				3855F3F020EACC6800BA6769 /* Parse+IGListKit.swift */,
				3855F3F120EACC6900BA6769 /* PFFile+Kingfisher.swift */,
				FA903D7320BA0F680081A8A2 /* UIColor+Extension.swift */,
				FA2AC94420C0A30900D05A75 /* NumPad+UIView.swift */,
				FACB660720DB38EE00DF8D5C /* NSAttributedString+Extensions.swift */,
				FACB661220DC121900DF8D5C /* UIView+AutoLayout.swift */,
				FACB661420DC13CF00DF8D5C /* UIButton+Extension.swift */,
				FACB661820DC1E7000DF8D5C /* Enum+Extensions.swift */,
				FACB661E20DC213B00DF8D5C /* UIApplication+Extensions.swift */,
				FACB662020DC218600DF8D5C /* UIWindow+Extensions.swift */,
				FACB662620E2F35500DF8D5C /* String+Extensions.swift */,
				FACB664B20E98DE000DF8D5C /* Number+Extensions.swift */,
				FACB665220E9911500DF8D5C /* UIAlertController+Extensions.swift */,
			);
			path = Extension;
			sourceTree = "<group>";
		};
		FACB660920DB399700DF8D5C /* Controls */ = {
			isa = PBXGroup;
			children = (
				FACB660A20DB39AF00DF8D5C /* UIAnimatedTextField.swift */,
				FACB660C20DB39D200DF8D5C /* UIAnimatedPhoneNumberTextField.swift */,
				FACB662220DC245E00DF8D5C /* RippleButton.swift */,
			);
			path = Controls;
			sourceTree = "<group>";
		};
		FACB663320E4A6BE00DF8D5C /* cell */ = {
			isa = PBXGroup;
			children = (
				FACB663A20E4B10C00DF8D5C /* InventoryCell.swift */,
				FACB663B20E4B10C00DF8D5C /* InventoryCell.xib */,
				FACB665C20E9BF0700DF8D5C /* AccountCell.swift */,
				FACB665E20E9BF2200DF8D5C /* AccountHeaderViewCell.swift */,
				FACB666020E9BF7B00DF8D5C /* RWCollectionViewCell.swift */,
				FACB666220E9BFB200DF8D5C /* RWCollectionReusableView.swift */,
				FA1B066920EEFE5700E85580 /* InventoryTableViewCell.swift */,
			);
			path = cell;
			sourceTree = "<group>";
		};
		FACB664020E80EAB00DF8D5C /* Views */ = {
			isa = PBXGroup;
			children = (
				FACB664120E80EC100DF8D5C /* SplashScreenView.swift */,
				FACB664320E80ED700DF8D5C /* GradientView.swift */,
			);
			path = Views;
			sourceTree = "<group>";
		};
		FACB664D20E98FB200DF8D5C /* Profile */ = {
			isa = PBXGroup;
			children = (
				FA903D7720BA2FC20081A8A2 /* BusinessSettingViewController.swift */,
				FACB664E20E98FF100DF8D5C /* EditProfileViewController.swift */,
				FACB665020E990CC00DF8D5C /* ImagePickerController.swift */,
				FACB665820E9BE1D00DF8D5C /* AccountCellViewModel.swift */,
				FACB665A20E9BE3B00DF8D5C /* AccountSectionController.swift */,
				FA1B067A20FE6D7100E85580 /* NotificationViewController.swift */,
			);
			path = Profile;
			sourceTree = "<group>";
		};
/* End PBXGroup section */

/* Begin PBXNativeTarget section */
		FA903D2E20B92B7B0081A8A2 /* RewardBusiness */ = {
			isa = PBXNativeTarget;
			buildConfigurationList = FA903D5720B92B7B0081A8A2 /* Build configuration list for PBXNativeTarget "RewardBusiness" */;
			buildPhases = (
				987FCCFF4A89A68B137EBD18 /* [CP] Check Pods Manifest.lock */,
				FA903D2B20B92B7B0081A8A2 /* Sources */,
				FA903D2C20B92B7B0081A8A2 /* Frameworks */,
				FA903D2D20B92B7B0081A8A2 /* Resources */,
				2299D02BC8178BD0C715EB59 /* [CP] Embed Pods Frameworks */,
			);
			buildRules = (
			);
			dependencies = (
			);
			name = RewardBusiness;
			productName = RewardBusiness;
			productReference = FA903D2F20B92B7B0081A8A2 /* RewardBusiness.app */;
			productType = "com.apple.product-type.application";
		};
		FA903D4220B92B7B0081A8A2 /* RewardBusinessTests */ = {
			isa = PBXNativeTarget;
			buildConfigurationList = FA903D5A20B92B7B0081A8A2 /* Build configuration list for PBXNativeTarget "RewardBusinessTests" */;
			buildPhases = (
				2C835FF71A9FBDF9F690B8CB /* [CP] Check Pods Manifest.lock */,
				FA903D3F20B92B7B0081A8A2 /* Sources */,
				FA903D4020B92B7B0081A8A2 /* Frameworks */,
				FA903D4120B92B7B0081A8A2 /* Resources */,
			);
			buildRules = (
			);
			dependencies = (
				FA903D4520B92B7B0081A8A2 /* PBXTargetDependency */,
			);
			name = RewardBusinessTests;
			productName = RewardBusinessTests;
			productReference = FA903D4320B92B7B0081A8A2 /* RewardBusinessTests.xctest */;
			productType = "com.apple.product-type.bundle.unit-test";
		};
		FA903D4D20B92B7B0081A8A2 /* RewardBusinessUITests */ = {
			isa = PBXNativeTarget;
			buildConfigurationList = FA903D5D20B92B7B0081A8A2 /* Build configuration list for PBXNativeTarget "RewardBusinessUITests" */;
			buildPhases = (
				FA903D4A20B92B7B0081A8A2 /* Sources */,
				FA903D4B20B92B7B0081A8A2 /* Frameworks */,
				FA903D4C20B92B7B0081A8A2 /* Resources */,
			);
			buildRules = (
			);
			dependencies = (
				FA903D5020B92B7B0081A8A2 /* PBXTargetDependency */,
			);
			name = RewardBusinessUITests;
			productName = RewardBusinessUITests;
			productReference = FA903D4E20B92B7B0081A8A2 /* RewardBusinessUITests.xctest */;
			productType = "com.apple.product-type.bundle.ui-testing";
		};
/* End PBXNativeTarget section */

/* Begin PBXProject section */
		FA903D2720B92B7B0081A8A2 /* Project object */ = {
			isa = PBXProject;
			attributes = {
				LastSwiftUpdateCheck = 0920;
				LastUpgradeCheck = 0940;
				ORGANIZATIONNAME = "MOLLY BIN";
				TargetAttributes = {
					FA903D2E20B92B7B0081A8A2 = {
						CreatedOnToolsVersion = 9.2;
						ProvisioningStyle = Automatic;
					};
					FA903D4220B92B7B0081A8A2 = {
						CreatedOnToolsVersion = 9.2;
						ProvisioningStyle = Automatic;
						TestTargetID = FA903D2E20B92B7B0081A8A2;
					};
					FA903D4D20B92B7B0081A8A2 = {
						CreatedOnToolsVersion = 9.2;
						ProvisioningStyle = Automatic;
						TestTargetID = FA903D2E20B92B7B0081A8A2;
					};
				};
			};
			buildConfigurationList = FA903D2A20B92B7B0081A8A2 /* Build configuration list for PBXProject "RewardBusiness" */;
			compatibilityVersion = "Xcode 8.0";
			developmentRegion = en;
			hasScannedForEncodings = 0;
			knownRegions = (
				en,
				Base,
			);
			mainGroup = FA903D2620B92B7A0081A8A2;
			productRefGroup = FA903D3020B92B7B0081A8A2 /* Products */;
			projectDirPath = "";
			projectRoot = "";
			targets = (
				FA903D2E20B92B7B0081A8A2 /* RewardBusiness */,
				FA903D4220B92B7B0081A8A2 /* RewardBusinessTests */,
				FA903D4D20B92B7B0081A8A2 /* RewardBusinessUITests */,
			);
		};
/* End PBXProject section */

/* Begin PBXResourcesBuildPhase section */
		FA903D2D20B92B7B0081A8A2 /* Resources */ = {
			isa = PBXResourcesBuildPhase;
			buildActionMask = 2147483647;
			files = (
				FA2AC96620D2412A00D05A75 /* DynamicHeightCell.xib in Resources */,
				FA2AC96C20D2412A00D05A75 /* ProfileImageCell.xib in Resources */,
				FA2AC96A20D2412A00D05A75 /* ProfileLabelCell.xib in Resources */,
				FA903D3D20B92B7B0081A8A2 /* LaunchScreen.storyboard in Resources */,
				FA903D3A20B92B7B0081A8A2 /* Assets.xcassets in Resources */,
				FA2AC96D20D2412A00D05A75 /* ProfileFieldCell.xib in Resources */,
				FA2AC96720D2412A00D05A75 /* PhoneFieldCell.xib in Resources */,
				FA903D6120B92DF40081A8A2 /* README.md in Resources */,
				FACB663D20E4B10C00DF8D5C /* InventoryCell.xib in Resources */,
				FA903D3820B92B7B0081A8A2 /* Main.storyboard in Resources */,
			);
			runOnlyForDeploymentPostprocessing = 0;
		};
		FA903D4120B92B7B0081A8A2 /* Resources */ = {
			isa = PBXResourcesBuildPhase;
			buildActionMask = 2147483647;
			files = (
			);
			runOnlyForDeploymentPostprocessing = 0;
		};
		FA903D4C20B92B7B0081A8A2 /* Resources */ = {
			isa = PBXResourcesBuildPhase;
			buildActionMask = 2147483647;
			files = (
			);
			runOnlyForDeploymentPostprocessing = 0;
		};
/* End PBXResourcesBuildPhase section */

/* Begin PBXShellScriptBuildPhase section */
		2299D02BC8178BD0C715EB59 /* [CP] Embed Pods Frameworks */ = {
			isa = PBXShellScriptBuildPhase;
			buildActionMask = 2147483647;
			files = (
			);
			inputPaths = (
				"${SRCROOT}/Pods/Target Support Files/Pods-RewardBusiness/Pods-RewardBusiness-frameworks.sh",
				"${BUILT_PRODUCTS_DIR}/AlertHUDKit/AlertHUDKit.framework",
				"${BUILT_PRODUCTS_DIR}/Bolts/Bolts.framework",
				"${BUILT_PRODUCTS_DIR}/CollectionKit/CollectionKit.framework",
				"${BUILT_PRODUCTS_DIR}/DeckTransition/DeckTransition.framework",
				"${BUILT_PRODUCTS_DIR}/DynamicTabBarController/DynamicTabBarController.framework",
				"${BUILT_PRODUCTS_DIR}/Former/Former.framework",
				"${BUILT_PRODUCTS_DIR}/IGListKit/IGListKit.framework",
				"${BUILT_PRODUCTS_DIR}/Kingfisher/Kingfisher.framework",
				"${BUILT_PRODUCTS_DIR}/M13Checkbox/M13Checkbox.framework",
				"${BUILT_PRODUCTS_DIR}/NumPad/NumPad.framework",
				"${BUILT_PRODUCTS_DIR}/Parse/Parse.framework",
				"${BUILT_PRODUCTS_DIR}/PhoneNumberKit/PhoneNumberKit.framework",
				"${BUILT_PRODUCTS_DIR}/SVProgressHUD/SVProgressHUD.framework",
				"${BUILT_PRODUCTS_DIR}/UIImageColors/UIImageColors.framework",
				"${BUILT_PRODUCTS_DIR}/URLNavigator/URLNavigator.framework",
			);
			name = "[CP] Embed Pods Frameworks";
			outputPaths = (
				"${TARGET_BUILD_DIR}/${FRAMEWORKS_FOLDER_PATH}/AlertHUDKit.framework",
				"${TARGET_BUILD_DIR}/${FRAMEWORKS_FOLDER_PATH}/Bolts.framework",
				"${TARGET_BUILD_DIR}/${FRAMEWORKS_FOLDER_PATH}/CollectionKit.framework",
				"${TARGET_BUILD_DIR}/${FRAMEWORKS_FOLDER_PATH}/DeckTransition.framework",
				"${TARGET_BUILD_DIR}/${FRAMEWORKS_FOLDER_PATH}/DynamicTabBarController.framework",
				"${TARGET_BUILD_DIR}/${FRAMEWORKS_FOLDER_PATH}/Former.framework",
				"${TARGET_BUILD_DIR}/${FRAMEWORKS_FOLDER_PATH}/IGListKit.framework",
				"${TARGET_BUILD_DIR}/${FRAMEWORKS_FOLDER_PATH}/Kingfisher.framework",
				"${TARGET_BUILD_DIR}/${FRAMEWORKS_FOLDER_PATH}/M13Checkbox.framework",
				"${TARGET_BUILD_DIR}/${FRAMEWORKS_FOLDER_PATH}/NumPad.framework",
				"${TARGET_BUILD_DIR}/${FRAMEWORKS_FOLDER_PATH}/Parse.framework",
				"${TARGET_BUILD_DIR}/${FRAMEWORKS_FOLDER_PATH}/PhoneNumberKit.framework",
				"${TARGET_BUILD_DIR}/${FRAMEWORKS_FOLDER_PATH}/SVProgressHUD.framework",
				"${TARGET_BUILD_DIR}/${FRAMEWORKS_FOLDER_PATH}/UIImageColors.framework",
				"${TARGET_BUILD_DIR}/${FRAMEWORKS_FOLDER_PATH}/URLNavigator.framework",
			);
			runOnlyForDeploymentPostprocessing = 0;
			shellPath = /bin/sh;
			shellScript = "\"${SRCROOT}/Pods/Target Support Files/Pods-RewardBusiness/Pods-RewardBusiness-frameworks.sh\"\n";
			showEnvVarsInLog = 0;
		};
		2C835FF71A9FBDF9F690B8CB /* [CP] Check Pods Manifest.lock */ = {
			isa = PBXShellScriptBuildPhase;
			buildActionMask = 2147483647;
			files = (
			);
			inputPaths = (
				"${PODS_PODFILE_DIR_PATH}/Podfile.lock",
				"${PODS_ROOT}/Manifest.lock",
			);
			name = "[CP] Check Pods Manifest.lock";
			outputPaths = (
				"$(DERIVED_FILE_DIR)/Pods-RewardBusinessTests-checkManifestLockResult.txt",
			);
			runOnlyForDeploymentPostprocessing = 0;
			shellPath = /bin/sh;
			shellScript = "diff \"${PODS_PODFILE_DIR_PATH}/Podfile.lock\" \"${PODS_ROOT}/Manifest.lock\" > /dev/null\nif [ $? != 0 ] ; then\n    # print error to STDERR\n    echo \"error: The sandbox is not in sync with the Podfile.lock. Run 'pod install' or update your CocoaPods installation.\" >&2\n    exit 1\nfi\n# This output is used by Xcode 'outputs' to avoid re-running this script phase.\necho \"SUCCESS\" > \"${SCRIPT_OUTPUT_FILE_0}\"\n";
			showEnvVarsInLog = 0;
		};
		987FCCFF4A89A68B137EBD18 /* [CP] Check Pods Manifest.lock */ = {
			isa = PBXShellScriptBuildPhase;
			buildActionMask = 2147483647;
			files = (
			);
			inputPaths = (
				"${PODS_PODFILE_DIR_PATH}/Podfile.lock",
				"${PODS_ROOT}/Manifest.lock",
			);
			name = "[CP] Check Pods Manifest.lock";
			outputPaths = (
				"$(DERIVED_FILE_DIR)/Pods-RewardBusiness-checkManifestLockResult.txt",
			);
			runOnlyForDeploymentPostprocessing = 0;
			shellPath = /bin/sh;
			shellScript = "diff \"${PODS_PODFILE_DIR_PATH}/Podfile.lock\" \"${PODS_ROOT}/Manifest.lock\" > /dev/null\nif [ $? != 0 ] ; then\n    # print error to STDERR\n    echo \"error: The sandbox is not in sync with the Podfile.lock. Run 'pod install' or update your CocoaPods installation.\" >&2\n    exit 1\nfi\n# This output is used by Xcode 'outputs' to avoid re-running this script phase.\necho \"SUCCESS\" > \"${SCRIPT_OUTPUT_FILE_0}\"\n";
			showEnvVarsInLog = 0;
		};
/* End PBXShellScriptBuildPhase section */

/* Begin PBXSourcesBuildPhase section */
		FA903D2B20B92B7B0081A8A2 /* Sources */ = {
			isa = PBXSourcesBuildPhase;
			buildActionMask = 2147483647;
			files = (
				FA1B067420F07ABB00E85580 /* InventoryPaymentViewController.swift in Sources */,
				FACB663C20E4B10C00DF8D5C /* InventoryCell.swift in Sources */,
				FA2AC95020C5CB1A00D05A75 /* InventoryItemViewController.swift in Sources */,
				FA2AC93C20C080C700D05A75 /* DigitalCard.swift in Sources */,
				FA2AC93A20C0804700D05A75 /* User.swift in Sources */,
				FACB661520DC13CF00DF8D5C /* UIButton+Extension.swift in Sources */,
				FA2AC93E20C081AC00D05A75 /* PushNotication.swift in Sources */,
				FA2AC93620C07ED900D05A75 /* API.swift in Sources */,
				FA2AC96B20D2412A00D05A75 /* FormerInputAccessoryView.swift in Sources */,
				FACB665520E9926700DF8D5C /* ListViewController.swift in Sources */,
				FA903D7420BA0F680081A8A2 /* UIColor+Extension.swift in Sources */,
				FA2AC96820D2412A00D05A75 /* ProfileFieldCell.swift in Sources */,
				FA8A3F40210A841900BF6815 /* AddCouponViewController.swift in Sources */,
				FA903D6F20BA0DD10081A8A2 /* RWNavigationController.swift in Sources */,
				FACB663F20E80D5500DF8D5C /* WelcomViewController.swift in Sources */,
				FA903D3520B92B7B0081A8A2 /* ViewController.swift in Sources */,
				FA2AC94520C0A30900D05A75 /* NumPad+UIView.swift in Sources */,
				FACB664A20E98D9400DF8D5C /* Coupon.swift in Sources */,
				FACB664C20E98DE000DF8D5C /* Number+Extensions.swift in Sources */,
				FACB665120E990CC00DF8D5C /* ImagePickerController.swift in Sources */,
				FACB665320E9911500DF8D5C /* UIAlertController+Extensions.swift in Sources */,
				FACB660F20DC0E5C00DF8D5C /* LoginViewController.swift in Sources */,
				FA903D7620BA2EB40081A8A2 /* NumPadViewController.swift in Sources */,
				386FE91F20F80969001B2238 /* RedeemViewController.swift in Sources */,
				FACB662E20E4943600DF8D5C /* InventoryCollectionViewController.swift in Sources */,
				FACB664820E98D6500DF8D5C /* RewardModel.swift in Sources */,
				FA2AC93320C07E9900D05A75 /* Transaction.swift in Sources */,
				FA9BC01D20DB319700C46400 /* UIView+Style.swift in Sources */,
				FACB665920E9BE1D00DF8D5C /* AccountCellViewModel.swift in Sources */,
				FACB662720E2F35500DF8D5C /* String+Extensions.swift in Sources */,
				FA1B067B20FE6D7100E85580 /* NotificationViewController.swift in Sources */,
				FACB661F20DC213B00DF8D5C /* UIApplication+Extensions.swift in Sources */,
				FACB664420E80ED700DF8D5C /* GradientView.swift in Sources */,
				FACB664F20E98FF100DF8D5C /* EditProfileViewController.swift in Sources */,
				3855F3F320EACC6900BA6769 /* PFFile+Kingfisher.swift in Sources */,
				FACB666320E9BFB200DF8D5C /* RWCollectionReusableView.swift in Sources */,
				FA2AC96420D2412A00D05A75 /* ProfileLabelCell.swift in Sources */,
				FACB661720DC1A4000DF8D5C /* AppRouter.swift in Sources */,
				FA2AC96320D2412A00D05A75 /* DynamicHeightCell.swift in Sources */,
				FACB662120DC218600DF8D5C /* UIWindow+Extensions.swift in Sources */,
				FA2AC96520D2412A00D05A75 /* ProfileImageCell.swift in Sources */,
				FA903D6820B931240081A8A2 /* RWViewController.swift in Sources */,
				FACB664220E80EC100DF8D5C /* SplashScreenView.swift in Sources */,
				FA1B066B20EEFE5700E85580 /* InventoryTableViewCell.swift in Sources */,
				FA903D7820BA2FC20081A8A2 /* BusinessSettingViewController.swift in Sources */,
				FACB662B20E301E700DF8D5C /* HomeViewController.swift in Sources */,
				FACB660D20DB39D200DF8D5C /* UIAnimatedPhoneNumberTextField.swift in Sources */,
				3855F3F220EACC6900BA6769 /* Parse+IGListKit.swift in Sources */,
				FACB665D20E9BF0700DF8D5C /* AccountCell.swift in Sources */,
				FACB661D20DC208200DF8D5C /* MainContainerController.swift in Sources */,
				FACB666120E9BF7B00DF8D5C /* RWCollectionViewCell.swift in Sources */,
				FACB660B20DB39AF00DF8D5C /* UIAnimatedTextField.swift in Sources */,
				FACB662320DC245E00DF8D5C /* RippleButton.swift in Sources */,
				FACB661B20DC1FC900DF8D5C /* NavigationControllers.swift in Sources */,
				FA82EBE220EED8A4008CAFE2 /* AddInventoryViewController.swift in Sources */,
				FA2AC94E20C4C28100D05A75 /* ConfigureNumPad.swift in Sources */,
				FACB663020E49E1200DF8D5C /* Inventory.swift in Sources */,
				FA2AC96920D2412A00D05A75 /* PhoneFieldCell.swift in Sources */,
				FA2AC95220C5D2C000D05A75 /* ConfigureItemPad.swift in Sources */,
				FACB661920DC1E7000DF8D5C /* Enum+Extensions.swift in Sources */,
				FACB665F20E9BF2200DF8D5C /* AccountHeaderViewCell.swift in Sources */,
				FACB660820DB38EE00DF8D5C /* NSAttributedString+Extensions.swift in Sources */,
				FA903D3320B92B7B0081A8A2 /* AppDelegate.swift in Sources */,
				FACB662520E2EFD000DF8D5C /* SignUpViewController.swift in Sources */,
				FACB665B20E9BE3B00DF8D5C /* AccountSectionController.swift in Sources */,
				FA2AC93820C07F1000D05A75 /* Business.swift in Sources */,
				FA903D6C20BA09150081A8A2 /* QRScanViewController.swift in Sources */,
				FA903D6620B92FC60081A8A2 /* Constants.swift in Sources */,
				FACB661320DC121900DF8D5C /* UIView+AutoLayout.swift in Sources */,
				FA9BC01B20DB301100C46400 /* Stylesheet.swift in Sources */,
			);
			runOnlyForDeploymentPostprocessing = 0;
		};
		FA903D3F20B92B7B0081A8A2 /* Sources */ = {
			isa = PBXSourcesBuildPhase;
			buildActionMask = 2147483647;
			files = (
				FA903D4820B92B7B0081A8A2 /* RewardBusinessTests.swift in Sources */,
			);
			runOnlyForDeploymentPostprocessing = 0;
		};
		FA903D4A20B92B7B0081A8A2 /* Sources */ = {
			isa = PBXSourcesBuildPhase;
			buildActionMask = 2147483647;
			files = (
				FA903D5320B92B7B0081A8A2 /* RewardBusinessUITests.swift in Sources */,
			);
			runOnlyForDeploymentPostprocessing = 0;
		};
/* End PBXSourcesBuildPhase section */

/* Begin PBXTargetDependency section */
		FA903D4520B92B7B0081A8A2 /* PBXTargetDependency */ = {
			isa = PBXTargetDependency;
			target = FA903D2E20B92B7B0081A8A2 /* RewardBusiness */;
			targetProxy = FA903D4420B92B7B0081A8A2 /* PBXContainerItemProxy */;
		};
		FA903D5020B92B7B0081A8A2 /* PBXTargetDependency */ = {
			isa = PBXTargetDependency;
			target = FA903D2E20B92B7B0081A8A2 /* RewardBusiness */;
			targetProxy = FA903D4F20B92B7B0081A8A2 /* PBXContainerItemProxy */;
		};
/* End PBXTargetDependency section */

/* Begin PBXVariantGroup section */
		FA903D3620B92B7B0081A8A2 /* Main.storyboard */ = {
			isa = PBXVariantGroup;
			children = (
				FA903D3720B92B7B0081A8A2 /* Base */,
			);
			name = Main.storyboard;
			sourceTree = "<group>";
		};
		FA903D3B20B92B7B0081A8A2 /* LaunchScreen.storyboard */ = {
			isa = PBXVariantGroup;
			children = (
				FA903D3C20B92B7B0081A8A2 /* Base */,
			);
			name = LaunchScreen.storyboard;
			sourceTree = "<group>";
		};
/* End PBXVariantGroup section */

/* Begin XCBuildConfiguration section */
		FA903D5520B92B7B0081A8A2 /* Debug */ = {
			isa = XCBuildConfiguration;
			buildSettings = {
				ALWAYS_SEARCH_USER_PATHS = NO;
				CLANG_ANALYZER_NONNULL = YES;
				CLANG_ANALYZER_NUMBER_OBJECT_CONVERSION = YES_AGGRESSIVE;
				CLANG_CXX_LANGUAGE_STANDARD = "gnu++14";
				CLANG_CXX_LIBRARY = "libc++";
				CLANG_ENABLE_MODULES = YES;
				CLANG_ENABLE_OBJC_ARC = YES;
				CLANG_WARN_BLOCK_CAPTURE_AUTORELEASING = YES;
				CLANG_WARN_BOOL_CONVERSION = YES;
				CLANG_WARN_COMMA = YES;
				CLANG_WARN_CONSTANT_CONVERSION = YES;
				CLANG_WARN_DEPRECATED_OBJC_IMPLEMENTATIONS = YES;
				CLANG_WARN_DIRECT_OBJC_ISA_USAGE = YES_ERROR;
				CLANG_WARN_DOCUMENTATION_COMMENTS = YES;
				CLANG_WARN_EMPTY_BODY = YES;
				CLANG_WARN_ENUM_CONVERSION = YES;
				CLANG_WARN_INFINITE_RECURSION = YES;
				CLANG_WARN_INT_CONVERSION = YES;
				CLANG_WARN_NON_LITERAL_NULL_CONVERSION = YES;
				CLANG_WARN_OBJC_IMPLICIT_RETAIN_SELF = YES;
				CLANG_WARN_OBJC_LITERAL_CONVERSION = YES;
				CLANG_WARN_OBJC_ROOT_CLASS = YES_ERROR;
				CLANG_WARN_RANGE_LOOP_ANALYSIS = YES;
				CLANG_WARN_STRICT_PROTOTYPES = YES;
				CLANG_WARN_SUSPICIOUS_MOVE = YES;
				CLANG_WARN_UNGUARDED_AVAILABILITY = YES_AGGRESSIVE;
				CLANG_WARN_UNREACHABLE_CODE = YES;
				CLANG_WARN__DUPLICATE_METHOD_MATCH = YES;
				CODE_SIGN_IDENTITY = "iPhone Developer";
				COPY_PHASE_STRIP = NO;
				DEBUG_INFORMATION_FORMAT = dwarf;
				ENABLE_STRICT_OBJC_MSGSEND = YES;
				ENABLE_TESTABILITY = YES;
				GCC_C_LANGUAGE_STANDARD = gnu11;
				GCC_DYNAMIC_NO_PIC = NO;
				GCC_NO_COMMON_BLOCKS = YES;
				GCC_OPTIMIZATION_LEVEL = 0;
				GCC_PREPROCESSOR_DEFINITIONS = (
					"DEBUG=1",
					"$(inherited)",
				);
				GCC_WARN_64_TO_32_BIT_CONVERSION = YES;
				GCC_WARN_ABOUT_RETURN_TYPE = YES_ERROR;
				GCC_WARN_UNDECLARED_SELECTOR = YES;
				GCC_WARN_UNINITIALIZED_AUTOS = YES_AGGRESSIVE;
				GCC_WARN_UNUSED_FUNCTION = YES;
				GCC_WARN_UNUSED_VARIABLE = YES;
				IPHONEOS_DEPLOYMENT_TARGET = 11.2;
				MTL_ENABLE_DEBUG_INFO = YES;
				ONLY_ACTIVE_ARCH = YES;
				SDKROOT = iphoneos;
				SWIFT_ACTIVE_COMPILATION_CONDITIONS = DEBUG;
				SWIFT_OPTIMIZATION_LEVEL = "-Onone";
			};
			name = Debug;
		};
		FA903D5620B92B7B0081A8A2 /* Release */ = {
			isa = XCBuildConfiguration;
			buildSettings = {
				ALWAYS_SEARCH_USER_PATHS = NO;
				CLANG_ANALYZER_NONNULL = YES;
				CLANG_ANALYZER_NUMBER_OBJECT_CONVERSION = YES_AGGRESSIVE;
				CLANG_CXX_LANGUAGE_STANDARD = "gnu++14";
				CLANG_CXX_LIBRARY = "libc++";
				CLANG_ENABLE_MODULES = YES;
				CLANG_ENABLE_OBJC_ARC = YES;
				CLANG_WARN_BLOCK_CAPTURE_AUTORELEASING = YES;
				CLANG_WARN_BOOL_CONVERSION = YES;
				CLANG_WARN_COMMA = YES;
				CLANG_WARN_CONSTANT_CONVERSION = YES;
				CLANG_WARN_DEPRECATED_OBJC_IMPLEMENTATIONS = YES;
				CLANG_WARN_DIRECT_OBJC_ISA_USAGE = YES_ERROR;
				CLANG_WARN_DOCUMENTATION_COMMENTS = YES;
				CLANG_WARN_EMPTY_BODY = YES;
				CLANG_WARN_ENUM_CONVERSION = YES;
				CLANG_WARN_INFINITE_RECURSION = YES;
				CLANG_WARN_INT_CONVERSION = YES;
				CLANG_WARN_NON_LITERAL_NULL_CONVERSION = YES;
				CLANG_WARN_OBJC_IMPLICIT_RETAIN_SELF = YES;
				CLANG_WARN_OBJC_LITERAL_CONVERSION = YES;
				CLANG_WARN_OBJC_ROOT_CLASS = YES_ERROR;
				CLANG_WARN_RANGE_LOOP_ANALYSIS = YES;
				CLANG_WARN_STRICT_PROTOTYPES = YES;
				CLANG_WARN_SUSPICIOUS_MOVE = YES;
				CLANG_WARN_UNGUARDED_AVAILABILITY = YES_AGGRESSIVE;
				CLANG_WARN_UNREACHABLE_CODE = YES;
				CLANG_WARN__DUPLICATE_METHOD_MATCH = YES;
				CODE_SIGN_IDENTITY = "iPhone Developer";
				COPY_PHASE_STRIP = NO;
				DEBUG_INFORMATION_FORMAT = "dwarf-with-dsym";
				ENABLE_NS_ASSERTIONS = NO;
				ENABLE_STRICT_OBJC_MSGSEND = YES;
				GCC_C_LANGUAGE_STANDARD = gnu11;
				GCC_NO_COMMON_BLOCKS = YES;
				GCC_WARN_64_TO_32_BIT_CONVERSION = YES;
				GCC_WARN_ABOUT_RETURN_TYPE = YES_ERROR;
				GCC_WARN_UNDECLARED_SELECTOR = YES;
				GCC_WARN_UNINITIALIZED_AUTOS = YES_AGGRESSIVE;
				GCC_WARN_UNUSED_FUNCTION = YES;
				GCC_WARN_UNUSED_VARIABLE = YES;
				IPHONEOS_DEPLOYMENT_TARGET = 11.2;
				MTL_ENABLE_DEBUG_INFO = NO;
				SDKROOT = iphoneos;
				SWIFT_OPTIMIZATION_LEVEL = "-Owholemodule";
				VALIDATE_PRODUCT = YES;
			};
			name = Release;
		};
		FA903D5820B92B7B0081A8A2 /* Debug */ = {
			isa = XCBuildConfiguration;
			baseConfigurationReference = DCEE8F2FA431E7B34982AC76 /* Pods-RewardBusiness.debug.xcconfig */;
			buildSettings = {
				ASSETCATALOG_COMPILER_APPICON_NAME = AppIcon;
				CODE_SIGN_STYLE = Automatic;
				DEVELOPMENT_TEAM = 9EUCWD26TP;
				INFOPLIST_FILE = RewardBusiness/Info.plist;
				IPHONEOS_DEPLOYMENT_TARGET = 10.3;
				LD_RUNPATH_SEARCH_PATHS = "$(inherited) @executable_path/Frameworks";
				PRODUCT_BUNDLE_IDENTIFIER = io.rewardbusiness.RewardBusiness;
				PRODUCT_NAME = "$(TARGET_NAME)";
				SWIFT_VERSION = 4.0;
				TARGETED_DEVICE_FAMILY = 1;
			};
			name = Debug;
		};
		FA903D5920B92B7B0081A8A2 /* Release */ = {
			isa = XCBuildConfiguration;
			baseConfigurationReference = E49AAA5D470182DAF2A3D628 /* Pods-RewardBusiness.release.xcconfig */;
			buildSettings = {
				ASSETCATALOG_COMPILER_APPICON_NAME = AppIcon;
				CODE_SIGN_STYLE = Automatic;
				DEVELOPMENT_TEAM = 9EUCWD26TP;
				INFOPLIST_FILE = RewardBusiness/Info.plist;
				IPHONEOS_DEPLOYMENT_TARGET = 10.3;
				LD_RUNPATH_SEARCH_PATHS = "$(inherited) @executable_path/Frameworks";
				PRODUCT_BUNDLE_IDENTIFIER = io.rewardbusiness.RewardBusiness;
				PRODUCT_NAME = "$(TARGET_NAME)";
				SWIFT_VERSION = 4.0;
				TARGETED_DEVICE_FAMILY = 1;
			};
			name = Release;
		};
		FA903D5B20B92B7B0081A8A2 /* Debug */ = {
			isa = XCBuildConfiguration;
			baseConfigurationReference = 7FD8ECEDF286247AC7F1E5B3 /* Pods-RewardBusinessTests.debug.xcconfig */;
			buildSettings = {
				ALWAYS_EMBED_SWIFT_STANDARD_LIBRARIES = YES;
				BUNDLE_LOADER = "$(TEST_HOST)";
				CODE_SIGN_STYLE = Automatic;
				INFOPLIST_FILE = RewardBusinessTests/Info.plist;
				LD_RUNPATH_SEARCH_PATHS = "$(inherited) @executable_path/Frameworks @loader_path/Frameworks";
				PRODUCT_BUNDLE_IDENTIFIER = io.rewardbusiness.RewardBusinessTests;
				PRODUCT_NAME = "$(TARGET_NAME)";
				SWIFT_VERSION = 4.0;
				TARGETED_DEVICE_FAMILY = "1,2";
				TEST_HOST = "$(BUILT_PRODUCTS_DIR)/RewardBusiness.app/RewardBusiness";
			};
			name = Debug;
		};
		FA903D5C20B92B7B0081A8A2 /* Release */ = {
			isa = XCBuildConfiguration;
			baseConfigurationReference = 4E81872762953E855787B901 /* Pods-RewardBusinessTests.release.xcconfig */;
			buildSettings = {
				ALWAYS_EMBED_SWIFT_STANDARD_LIBRARIES = YES;
				BUNDLE_LOADER = "$(TEST_HOST)";
				CODE_SIGN_STYLE = Automatic;
				INFOPLIST_FILE = RewardBusinessTests/Info.plist;
				LD_RUNPATH_SEARCH_PATHS = "$(inherited) @executable_path/Frameworks @loader_path/Frameworks";
				PRODUCT_BUNDLE_IDENTIFIER = io.rewardbusiness.RewardBusinessTests;
				PRODUCT_NAME = "$(TARGET_NAME)";
				SWIFT_VERSION = 4.0;
				TARGETED_DEVICE_FAMILY = "1,2";
				TEST_HOST = "$(BUILT_PRODUCTS_DIR)/RewardBusiness.app/RewardBusiness";
			};
			name = Release;
		};
		FA903D5E20B92B7B0081A8A2 /* Debug */ = {
			isa = XCBuildConfiguration;
			buildSettings = {
				ALWAYS_EMBED_SWIFT_STANDARD_LIBRARIES = YES;
				CODE_SIGN_STYLE = Automatic;
				INFOPLIST_FILE = RewardBusinessUITests/Info.plist;
				LD_RUNPATH_SEARCH_PATHS = "$(inherited) @executable_path/Frameworks @loader_path/Frameworks";
				PRODUCT_BUNDLE_IDENTIFIER = io.rewardbusiness.RewardBusinessUITests;
				PRODUCT_NAME = "$(TARGET_NAME)";
				SWIFT_VERSION = 4.0;
				TARGETED_DEVICE_FAMILY = "1,2";
				TEST_TARGET_NAME = RewardBusiness;
			};
			name = Debug;
		};
		FA903D5F20B92B7B0081A8A2 /* Release */ = {
			isa = XCBuildConfiguration;
			buildSettings = {
				ALWAYS_EMBED_SWIFT_STANDARD_LIBRARIES = YES;
				CODE_SIGN_STYLE = Automatic;
				INFOPLIST_FILE = RewardBusinessUITests/Info.plist;
				LD_RUNPATH_SEARCH_PATHS = "$(inherited) @executable_path/Frameworks @loader_path/Frameworks";
				PRODUCT_BUNDLE_IDENTIFIER = io.rewardbusiness.RewardBusinessUITests;
				PRODUCT_NAME = "$(TARGET_NAME)";
				SWIFT_VERSION = 4.0;
				TARGETED_DEVICE_FAMILY = "1,2";
				TEST_TARGET_NAME = RewardBusiness;
			};
			name = Release;
		};
/* End XCBuildConfiguration section */

/* Begin XCConfigurationList section */
		FA903D2A20B92B7B0081A8A2 /* Build configuration list for PBXProject "RewardBusiness" */ = {
			isa = XCConfigurationList;
			buildConfigurations = (
				FA903D5520B92B7B0081A8A2 /* Debug */,
				FA903D5620B92B7B0081A8A2 /* Release */,
			);
			defaultConfigurationIsVisible = 0;
			defaultConfigurationName = Release;
		};
		FA903D5720B92B7B0081A8A2 /* Build configuration list for PBXNativeTarget "RewardBusiness" */ = {
			isa = XCConfigurationList;
			buildConfigurations = (
				FA903D5820B92B7B0081A8A2 /* Debug */,
				FA903D5920B92B7B0081A8A2 /* Release */,
			);
			defaultConfigurationIsVisible = 0;
			defaultConfigurationName = Release;
		};
		FA903D5A20B92B7B0081A8A2 /* Build configuration list for PBXNativeTarget "RewardBusinessTests" */ = {
			isa = XCConfigurationList;
			buildConfigurations = (
				FA903D5B20B92B7B0081A8A2 /* Debug */,
				FA903D5C20B92B7B0081A8A2 /* Release */,
			);
			defaultConfigurationIsVisible = 0;
			defaultConfigurationName = Release;
		};
		FA903D5D20B92B7B0081A8A2 /* Build configuration list for PBXNativeTarget "RewardBusinessUITests" */ = {
			isa = XCConfigurationList;
			buildConfigurations = (
				FA903D5E20B92B7B0081A8A2 /* Debug */,
				FA903D5F20B92B7B0081A8A2 /* Release */,
			);
			defaultConfigurationIsVisible = 0;
			defaultConfigurationName = Release;
		};
/* End XCConfigurationList section */
	};
	rootObject = FA903D2720B92B7B0081A8A2 /* Project object */;
}
